
Microsoft Visual Studio Solution File, Format Version 12.00
# Visual Studio Version 16
VisualStudioVersion = 16.0.31702.278
MinimumVisualStudioVersion = 10.0.40219.1
Project("{9A19103F-16F7-4668-BE54-9A1E7A4F7556}") = "ByteBank2", "ByteBank2\ByteBank2.csproj", "{CDFEDDBA-770E-44B0-AD94-1034C410075F}"
EndProject
Global
	GlobalSection(SolutionConfigurationPlatforms) = preSolution
		Debug|Any CPU = Debug|Any CPU
		Release|Any CPU = Release|Any CPU
	EndGlobalSection
	GlobalSection(ProjectConfigurationPlatforms) = postSolution
		{CDFEDDBA-770E-44B0-AD94-1034C410075F}.Debug|Any CPU.ActiveCfg = Debug|Any CPU
		{CDFEDDBA-770E-44B0-AD94-1034C410075F}.Debug|Any CPU.Build.0 = Debug|Any CPU
		{CDFEDDBA-770E-44B0-AD94-1034C410075F}.Release|Any CPU.ActiveCfg = Release|Any CPU
		{CDFEDDBA-770E-44B0-AD94-1034C410075F}.Release|Any CPU.Build.0 = Release|Any CPU
	EndGlobalSection
	GlobalSection(SolutionProperties) = preSolution
		HideSolutionNode = FALSE
	EndGlobalSection
	GlobalSection(ExtensibilityGlobals) = postSolution
		SolutionGuid = {5833EBB6-98B4-4ED0-BF90-4F5DFFDE9E1A}
	EndGlobalSection
EndGlobal
